
Microsoft Visual Studio Solution File, Format Version 12.00
# Visual Studio Version 16
VisualStudioVersion = 16.0.30413.136
MinimumVisualStudioVersion = 10.0.40219.1
Project("{FAE04EC0-301F-11D3-BF4B-00C04F79EFBC}") = "krestiki_noliki", "krestiki_noliki\krestiki_noliki.csproj", "{FBDCC474-3478-433A-B237-C3AC037E07B9}"
EndProject
Global
	GlobalSection(SolutionConfigurationPlatforms) = preSolution
		Debug|Any CPU = Debug|Any CPU
		Release|Any CPU = Release|Any CPU
	EndGlobalSection
	GlobalSection(ProjectConfigurationPlatforms) = postSolution
		{FBDCC474-3478-433A-B237-C3AC037E07B9}.Debug|Any CPU.ActiveCfg = Debug|Any CPU
		{FBDCC474-3478-433A-B237-C3AC037E07B9}.Debug|Any CPU.Build.0 = Debug|Any CPU
		{FBDCC474-3478-433A-B237-C3AC037E07B9}.Release|Any CPU.ActiveCfg = Release|Any CPU
		{FBDCC474-3478-433A-B237-C3AC037E07B9}.Release|Any CPU.Build.0 = Release|Any CPU
	EndGlobalSection
	GlobalSection(SolutionProperties) = preSolution
		HideSolutionNode = FALSE
	EndGlobalSection
	GlobalSection(ExtensibilityGlobals) = postSolution
		SolutionGuid = {53E91F0B-BAC9-419C-9988-7A956510E13D}
	EndGlobalSection
EndGlobal
